
Microsoft Visual Studio Solution File, Format Version 12.00
# Visual Studio Version 17
VisualStudioVersion = 17.8.34330.188
MinimumVisualStudioVersion = 10.0.40219.1
Project("{FAE04EC0-301F-11D3-BF4B-00C04F79EFBC}") = "Api.ConfigFile.Operations", "Api.ConfigFile.Operations\Api.ConfigFile.Operations.csproj", "{3090CB70-5632-4DB1-B916-CDF5FBBF29EA}"
EndProject
Project("{FAE04EC0-301F-11D3-BF4B-00C04F79EFBC}") = "Api.ConfigFile.Operations.UnitTests", "Api.ConfigFile.Operations.UnitTests\Api.ConfigFile.Operations.UnitTests.csproj", "{42321AF1-CC79-4A8D-B233-90158B281665}"
EndProject
Global
	GlobalSection(SolutionConfigurationPlatforms) = preSolution
		Debug|Any CPU = Debug|Any CPU
		Release|Any CPU = Release|Any CPU
	EndGlobalSection
	GlobalSection(ProjectConfigurationPlatforms) = postSolution
		{3090CB70-5632-4DB1-B916-CDF5FBBF29EA}.Debug|Any CPU.ActiveCfg = Debug|Any CPU
		{3090CB70-5632-4DB1-B916-CDF5FBBF29EA}.Debug|Any CPU.Build.0 = Debug|Any CPU
		{3090CB70-5632-4DB1-B916-CDF5FBBF29EA}.Release|Any CPU.ActiveCfg = Release|Any CPU
		{3090CB70-5632-4DB1-B916-CDF5FBBF29EA}.Release|Any CPU.Build.0 = Release|Any CPU
		{42321AF1-CC79-4A8D-B233-90158B281665}.Debug|Any CPU.ActiveCfg = Debug|Any CPU
		{42321AF1-CC79-4A8D-B233-90158B281665}.Debug|Any CPU.Build.0 = Debug|Any CPU
		{42321AF1-CC79-4A8D-B233-90158B281665}.Release|Any CPU.ActiveCfg = Release|Any CPU
		{42321AF1-CC79-4A8D-B233-90158B281665}.Release|Any CPU.Build.0 = Release|Any CPU
	EndGlobalSection
	GlobalSection(SolutionProperties) = preSolution
		HideSolutionNode = FALSE
	EndGlobalSection
	GlobalSection(ExtensibilityGlobals) = postSolution
		SolutionGuid = {E8237FA1-C6ED-4D75-8FCC-CCA3555DF3D5}
	EndGlobalSection
EndGlobal
